
Microsoft Visual Studio Solution File, Format Version 12.00
# Visual Studio Version 17
VisualStudioVersion = 17.8.34525.116
MinimumVisualStudioVersion = 10.0.40219.1
Project("{FAE04EC0-301F-11D3-BF4B-00C04F79EFBC}") = "Frames", "Frames\Frames.csproj", "{4706C02C-916B-4F05-A9DC-097391E281DB}"
EndProject
Global
	GlobalSection(SolutionConfigurationPlatforms) = preSolution
		Debug|Any CPU = Debug|Any CPU
		Release|Any CPU = Release|Any CPU
	EndGlobalSection
	GlobalSection(ProjectConfigurationPlatforms) = postSolution
		{4706C02C-916B-4F05-A9DC-097391E281DB}.Debug|Any CPU.ActiveCfg = Debug|Any CPU
		{4706C02C-916B-4F05-A9DC-097391E281DB}.Debug|Any CPU.Build.0 = Debug|Any CPU
		{4706C02C-916B-4F05-A9DC-097391E281DB}.Release|Any CPU.ActiveCfg = Release|Any CPU
		{4706C02C-916B-4F05-A9DC-097391E281DB}.Release|Any CPU.Build.0 = Release|Any CPU
	EndGlobalSection
	GlobalSection(SolutionProperties) = preSolution
		HideSolutionNode = FALSE
	EndGlobalSection
	GlobalSection(ExtensibilityGlobals) = postSolution
		SolutionGuid = {52333A5E-3DB1-4536-94A2-0A5E01673D86}
	EndGlobalSection
EndGlobal
